
Microsoft Visual Studio Solution File, Format Version 12.00
# Visual Studio Version 17
VisualStudioVersion = 17.1.32210.238
MinimumVisualStudioVersion = 10.0.40219.1
Project("{FAE04EC0-301F-11D3-BF4B-00C04F79EFBC}") = "X_O Game", "X_O Game.csproj", "{B872920A-A0B7-4BEF-9065-572C609C220F}"
EndProject
Global
	GlobalSection(SolutionConfigurationPlatforms) = preSolution
		Debug|Any CPU = Debug|Any CPU
		Release|Any CPU = Release|Any CPU
	EndGlobalSection
	GlobalSection(ProjectConfigurationPlatforms) = postSolution
		{B872920A-A0B7-4BEF-9065-572C609C220F}.Debug|Any CPU.ActiveCfg = Debug|Any CPU
		{B872920A-A0B7-4BEF-9065-572C609C220F}.Debug|Any CPU.Build.0 = Debug|Any CPU
		{B872920A-A0B7-4BEF-9065-572C609C220F}.Release|Any CPU.ActiveCfg = Release|Any CPU
		{B872920A-A0B7-4BEF-9065-572C609C220F}.Release|Any CPU.Build.0 = Release|Any CPU
	EndGlobalSection
	GlobalSection(SolutionProperties) = preSolution
		HideSolutionNode = FALSE
	EndGlobalSection
	GlobalSection(ExtensibilityGlobals) = postSolution
		SolutionGuid = {6B8AD04C-A100-40DA-A8ED-4D5F6654BD20}
	EndGlobalSection
EndGlobal
